
Microsoft Visual Studio Solution File, Format Version 12.00
# Visual Studio Version 17
VisualStudioVersion = 17.9.34723.18
MinimumVisualStudioVersion = 10.0.40219.1
Project("{9A19103F-16F7-4668-BE54-9A1E7A4F7556}") = "Amazon", "Amazon.csproj", "{1C2F5B02-D57F-498C-9634-42D84E21D0AD}"
EndProject
Project("{9A19103F-16F7-4668-BE54-9A1E7A4F7556}") = "Amazon.BL", "..\Amazon.BL\Amazon.BL.csproj", "{18EB6E1D-A360-45FD-8F31-07CD94FA7A65}"
EndProject
Project("{9A19103F-16F7-4668-BE54-9A1E7A4F7556}") = "Amazon.DAL", "..\Amazon.DAL\Amazon.DAL.csproj", "{32758957-F621-416A-A11C-9037E2F225DD}"
EndProject
Global
	GlobalSection(SolutionConfigurationPlatforms) = preSolution
		Debug|Any CPU = Debug|Any CPU
		Release|Any CPU = Release|Any CPU
	EndGlobalSection
	GlobalSection(ProjectConfigurationPlatforms) = postSolution
		{1C2F5B02-D57F-498C-9634-42D84E21D0AD}.Debug|Any CPU.ActiveCfg = Debug|Any CPU
		{1C2F5B02-D57F-498C-9634-42D84E21D0AD}.Debug|Any CPU.Build.0 = Debug|Any CPU
		{1C2F5B02-D57F-498C-9634-42D84E21D0AD}.Release|Any CPU.ActiveCfg = Release|Any CPU
		{1C2F5B02-D57F-498C-9634-42D84E21D0AD}.Release|Any CPU.Build.0 = Release|Any CPU
		{18EB6E1D-A360-45FD-8F31-07CD94FA7A65}.Debug|Any CPU.ActiveCfg = Debug|Any CPU
		{18EB6E1D-A360-45FD-8F31-07CD94FA7A65}.Debug|Any CPU.Build.0 = Debug|Any CPU
		{18EB6E1D-A360-45FD-8F31-07CD94FA7A65}.Release|Any CPU.ActiveCfg = Release|Any CPU
		{18EB6E1D-A360-45FD-8F31-07CD94FA7A65}.Release|Any CPU.Build.0 = Release|Any CPU
		{32758957-F621-416A-A11C-9037E2F225DD}.Debug|Any CPU.ActiveCfg = Debug|Any CPU
		{32758957-F621-416A-A11C-9037E2F225DD}.Debug|Any CPU.Build.0 = Debug|Any CPU
		{32758957-F621-416A-A11C-9037E2F225DD}.Release|Any CPU.ActiveCfg = Release|Any CPU
		{32758957-F621-416A-A11C-9037E2F225DD}.Release|Any CPU.Build.0 = Release|Any CPU
	EndGlobalSection
	GlobalSection(SolutionProperties) = preSolution
		HideSolutionNode = FALSE
	EndGlobalSection
	GlobalSection(ExtensibilityGlobals) = postSolution
		SolutionGuid = {9BA98748-4104-4B86-B96A-829BD0236E3E}
	EndGlobalSection
EndGlobal
